
Microsoft Visual Studio Solution File, Format Version 12.00
# Visual Studio Version 16
VisualStudioVersion = 16.0.29709.97
MinimumVisualStudioVersion = 10.0.40219.1
Project("{9A19103F-16F7-4668-BE54-9A1E7A4F7556}") = "CoinMarketCap", "CoinMarketCap\CoinMarketCap.csproj", "{C1C20918-96D4-40C1-BF1E-303C365FFC7F}"
EndProject
Project("{FAE04EC0-301F-11D3-BF4B-00C04F79EFBC}") = "CoinMarketCap.Samples", "CoinMarketCap.Samples\CoinMarketCap.Samples.csproj", "{DA81B0B9-618B-46DD-873F-B04EF7A4594F}"
EndProject
Global
	GlobalSection(SolutionConfigurationPlatforms) = preSolution
		Debug|Any CPU = Debug|Any CPU
		Release|Any CPU = Release|Any CPU
	EndGlobalSection
	GlobalSection(ProjectConfigurationPlatforms) = postSolution
		{C1C20918-96D4-40C1-BF1E-303C365FFC7F}.Debug|Any CPU.ActiveCfg = Debug|Any CPU
		{C1C20918-96D4-40C1-BF1E-303C365FFC7F}.Debug|Any CPU.Build.0 = Debug|Any CPU
		{C1C20918-96D4-40C1-BF1E-303C365FFC7F}.Release|Any CPU.ActiveCfg = Release|Any CPU
		{C1C20918-96D4-40C1-BF1E-303C365FFC7F}.Release|Any CPU.Build.0 = Release|Any CPU
		{DA81B0B9-618B-46DD-873F-B04EF7A4594F}.Debug|Any CPU.ActiveCfg = Debug|Any CPU
		{DA81B0B9-618B-46DD-873F-B04EF7A4594F}.Debug|Any CPU.Build.0 = Debug|Any CPU
		{DA81B0B9-618B-46DD-873F-B04EF7A4594F}.Release|Any CPU.ActiveCfg = Release|Any CPU
		{DA81B0B9-618B-46DD-873F-B04EF7A4594F}.Release|Any CPU.Build.0 = Release|Any CPU
	EndGlobalSection
	GlobalSection(SolutionProperties) = preSolution
		HideSolutionNode = FALSE
	EndGlobalSection
	GlobalSection(ExtensibilityGlobals) = postSolution
		SolutionGuid = {A4F9B2CC-73E7-44EE-912F-9D52C91C1C8C}
	EndGlobalSection
EndGlobal
